// !$*UTF8*$!
{
	archiveVersion = 1;
	classes = {
	};
	objectVersion = 45;
	objects = {

/* Begin PBXAggregateTarget section */
		9758F2DB0588DE89008F071A /* Build All */ = {
			isa = PBXAggregateTarget;
			buildConfigurationList = 2CF360AF26AE179A00D26910 /* Build configuration list for PBXAggregateTarget "Build All" */;
			buildPhases = (
			);
			dependencies = (
				9758F2E60588DE89008F071A /* PBXTargetDependency */,
				2CF0566726E458C300163478 /* PBXTargetDependency */,
				9758F2F60588DE89008F071A /* PBXTargetDependency */,
				9758F2F40588DE89008F071A /* PBXTargetDependency */,
				9758F2EC0588DE89008F071A /* PBXTargetDependency */,
				2CF0566926E458C300163478 /* PBXTargetDependency */,
				9758F2EE0588DE89008F071A /* PBXTargetDependency */,
				9758F2F20588DE89008F071A /* PBXTargetDependency */,
			);
			name = "Build All";
			productName = "Build All";
		};
/* End PBXAggregateTarget section */

/* Begin PBXBuildFile section */
		18AD33E105D0708E006D9A32 /* OpenPlay.framework in CopyFiles */ = {isa = PBXBuildFile; fileRef = 9758F24B0588DE88008F071A /* OpenPlay.framework */; };
		18AD33EC05D070A8006D9A32 /* OpenPlay.framework in CopyFiles */ = {isa = PBXBuildFile; fileRef = 9758F24B0588DE88008F071A /* OpenPlay.framework */; };
		18AD33F005D070AF006D9A32 /* OpenPlay.framework in CopyFiles */ = {isa = PBXBuildFile; fileRef = 9758F24B0588DE88008F071A /* OpenPlay.framework */; };
		18AD33FB05D070C0006D9A32 /* OpenPlay.framework in CopyFiles */ = {isa = PBXBuildFile; fileRef = 9758F24B0588DE88008F071A /* OpenPlay.framework */; };
		18EB655A05D055CF006B1F7B /* tcpip.so.bundle in CopyFiles */ = {isa = PBXBuildFile; fileRef = 9758F2610588DE88008F071A /* tcpip.so.bundle */; };
		18EB657F05D05794006B1F7B /* OpenPlay.framework in CopyFiles */ = {isa = PBXBuildFile; fileRef = 9758F24B0588DE88008F071A /* OpenPlay.framework */; };
		2C25E82026C55B1A000E73E5 /* InfoPlist.strings in Resources */ = {isa = PBXBuildFile; fileRef = 2C25E81E26C55B1A000E73E5 /* InfoPlist.strings */; };
		2C5B321D26C4054600217E09 /* machine_lock.cpp in Sources */ = {isa = PBXBuildFile; fileRef = F5ABE67002556F8801A80105 /* machine_lock.cpp */; };
		2C5B321F26C4054600217E09 /* String_Utils.cpp in Sources */ = {isa = PBXBuildFile; fileRef = F5ABE67202556F8801A80105 /* String_Utils.cpp */; };
		2C5B322226C4054600217E09 /* DebugPrint.cpp in Sources */ = {isa = PBXBuildFile; fileRef = F5ABE66E02556F8801A80105 /* DebugPrint.cpp */; };
		2C8547F026E46DC1005A70D9 /* OPUtils.cpp in Sources */ = {isa = PBXBuildFile; fileRef = F5ABE67102556F8801A80105 /* OPUtils.cpp */; };
		2C8547F126E46DC1005A70D9 /* String_Utils.cpp in Sources */ = {isa = PBXBuildFile; fileRef = F5ABE67202556F8801A80105 /* String_Utils.cpp */; };
		2C8780E226D8535E00E3CAC0 /* OPUtils.cpp in Sources */ = {isa = PBXBuildFile; fileRef = F5ABE67102556F8801A80105 /* OPUtils.cpp */; };
		2CF0564D26E4582C00163478 /* OpenPlay.framework in Frameworks */ = {isa = PBXBuildFile; fileRef = 9758F24B0588DE88008F071A /* OpenPlay.framework */; };
		2CF0565026E4582C00163478 /* OpenPlay.framework in CopyFiles */ = {isa = PBXBuildFile; fileRef = 9758F24B0588DE88008F071A /* OpenPlay.framework */; };
		2CF0565D26E4585F00163478 /* OpenPlay.framework in Frameworks */ = {isa = PBXBuildFile; fileRef = 9758F24B0588DE88008F071A /* OpenPlay.framework */; };
		2CF0566026E4585F00163478 /* OpenPlay.framework in CopyFiles */ = {isa = PBXBuildFile; fileRef = 9758F24B0588DE88008F071A /* OpenPlay.framework */; };
		2CF0566B26E460F600163478 /* Mini_NSp_App.cpp in Sources */ = {isa = PBXBuildFile; fileRef = 2CF0566A26E460F600163478 /* Mini_NSp_App.cpp */; };
		2CF0566E26E4614A00163478 /* OPGetURL.cpp in Sources */ = {isa = PBXBuildFile; fileRef = 2CF0566C26E4614A00163478 /* OPGetURL.cpp */; };
		2CF0566F26E4614A00163478 /* OPDownloadHTTP.cpp in Sources */ = {isa = PBXBuildFile; fileRef = 2CF0566D26E4614A00163478 /* OPDownloadHTTP.cpp */; };
		2CF0567026E4616100163478 /* String_Utils.cpp in Sources */ = {isa = PBXBuildFile; fileRef = F5ABE67202556F8801A80105 /* String_Utils.cpp */; };
		9758F2270588DE88008F071A /* module_management.cpp in Sources */ = {isa = PBXBuildFile; fileRef = F5ABE64102556F3701A80105 /* module_management.cpp */; };
		9758F2280588DE88008F071A /* op_endpoint.cpp in Sources */ = {isa = PBXBuildFile; fileRef = F5ABE64202556F3701A80105 /* op_endpoint.cpp */; };
		9758F2290588DE88008F071A /* op_hi.cpp in Sources */ = {isa = PBXBuildFile; fileRef = F5ABE64302556F3701A80105 /* op_hi.cpp */; };
		9758F22A0588DE88008F071A /* op_module_mgmt.cpp in Sources */ = {isa = PBXBuildFile; fileRef = F5ABE64402556F3701A80105 /* op_module_mgmt.cpp */; };
		9758F22B0588DE88008F071A /* op_packet.cpp in Sources */ = {isa = PBXBuildFile; fileRef = F5ABE64502556F3701A80105 /* op_packet.cpp */; };
		9758F22C0588DE88008F071A /* openplay.cpp in Sources */ = {isa = PBXBuildFile; fileRef = F5ABE64602556F3701A80105 /* openplay.cpp */; };
		9758F22D0588DE88008F071A /* op_dlopen.c in Sources */ = {isa = PBXBuildFile; fileRef = F5ABE64702556F3701A80105 /* op_dlopen.c */; };
		9758F22E0588DE88008F071A /* openplay_posix.cpp in Sources */ = {isa = PBXBuildFile; fileRef = F5ABE64802556F3701A80105 /* openplay_posix.cpp */; };
		9758F22F0588DE88008F071A /* CATEndpoint_OP.cpp in Sources */ = {isa = PBXBuildFile; fileRef = F5ABE64902556F3701A80105 /* CATEndpoint_OP.cpp */; };
		9758F2300588DE88008F071A /* CEndpoint_OP.cpp in Sources */ = {isa = PBXBuildFile; fileRef = F5ABE64A02556F3701A80105 /* CEndpoint_OP.cpp */; };
		9758F2310588DE88008F071A /* CIPEndpoint_OP.cpp in Sources */ = {isa = PBXBuildFile; fileRef = F5ABE64B02556F3701A80105 /* CIPEndpoint_OP.cpp */; };
		9758F2320588DE88008F071A /* EntryPoint.cpp in Sources */ = {isa = PBXBuildFile; fileRef = F5ABE64C02556F3701A80105 /* EntryPoint.cpp */; };
		9758F2330588DE88008F071A /* NetSprocketLib.cpp in Sources */ = {isa = PBXBuildFile; fileRef = F5ABE64D02556F3701A80105 /* NetSprocketLib.cpp */; };
		9758F2340588DE88008F071A /* NSp_InterruptSafeList.cpp in Sources */ = {isa = PBXBuildFile; fileRef = F5ABE64E02556F3701A80105 /* NSp_InterruptSafeList.cpp */; };
		9758F2350588DE88008F071A /* NSpGame.cpp in Sources */ = {isa = PBXBuildFile; fileRef = F5ABE64F02556F3701A80105 /* NSpGame.cpp */; };
		9758F2360588DE88008F071A /* NSpGameMaster.cpp in Sources */ = {isa = PBXBuildFile; fileRef = F5ABE65002556F3701A80105 /* NSpGameMaster.cpp */; };
		9758F2370588DE88008F071A /* NSpGamePrivate.cpp in Sources */ = {isa = PBXBuildFile; fileRef = F5ABE65102556F3701A80105 /* NSpGamePrivate.cpp */; };
		9758F2380588DE88008F071A /* NSpGameSlave.cpp in Sources */ = {isa = PBXBuildFile; fileRef = F5ABE65202556F3701A80105 /* NSpGameSlave.cpp */; };
		9758F2390588DE88008F071A /* NSpLists_OP.cpp in Sources */ = {isa = PBXBuildFile; fileRef = F5ABE65302556F3701A80105 /* NSpLists_OP.cpp */; };
		9758F23A0588DE88008F071A /* NSpProtocolRef.cpp in Sources */ = {isa = PBXBuildFile; fileRef = F5ABE65402556F3701A80105 /* NSpProtocolRef.cpp */; };
		9758F23B0588DE88008F071A /* dll_utils_posix.cpp in Sources */ = {isa = PBXBuildFile; fileRef = F5ABE66902556F5F01A80105 /* dll_utils_posix.cpp */; };
		9758F23C0588DE88008F071A /* find_files_posix.cpp in Sources */ = {isa = PBXBuildFile; fileRef = F5ABE66A02556F5F01A80105 /* find_files_posix.cpp */; };
		9758F23D0588DE88008F071A /* ByteSwapping.cpp in Sources */ = {isa = PBXBuildFile; fileRef = F5ABE66D02556F8801A80105 /* ByteSwapping.cpp */; };
		9758F23E0588DE88008F071A /* DebugPrint.cpp in Sources */ = {isa = PBXBuildFile; fileRef = F5ABE66E02556F8801A80105 /* DebugPrint.cpp */; };
		9758F23F0588DE88008F071A /* ERObject.cpp in Sources */ = {isa = PBXBuildFile; fileRef = F5ABE66F02556F8801A80105 /* ERObject.cpp */; };
		9758F2400588DE88008F071A /* machine_lock.cpp in Sources */ = {isa = PBXBuildFile; fileRef = F5ABE67002556F8801A80105 /* machine_lock.cpp */; };
		9758F2410588DE88008F071A /* OPUtils.cpp in Sources */ = {isa = PBXBuildFile; fileRef = F5ABE67102556F8801A80105 /* OPUtils.cpp */; };
		9758F2420588DE88008F071A /* String_Utils.cpp in Sources */ = {isa = PBXBuildFile; fileRef = F5ABE67202556F8801A80105 /* String_Utils.cpp */; };
		9758F2430588DE88008F071A /* TPointerArray.cpp in Sources */ = {isa = PBXBuildFile; fileRef = F5ABE67302556F8801A80105 /* TPointerArray.cpp */; };
		9758F2460588DE88008F071A /* Carbon.framework in Frameworks */ = {isa = PBXBuildFile; fileRef = F5FE302102558CD301A80105 /* Carbon.framework */; };
		9758F2480588DE88008F071A /* NetSprocketMachO.r in Rez */ = {isa = PBXBuildFile; fileRef = F5679E12026A382401A80105 /* NetSprocketMachO.r */; };
		9758F2500588DE88008F071A /* tcp_module_communication.cpp in Sources */ = {isa = PBXBuildFile; fileRef = F5530D710256BFDF01A80105 /* tcp_module_communication.cpp */; };
		9758F2510588DE88008F071A /* tcp_module_config.cpp in Sources */ = {isa = PBXBuildFile; fileRef = F5530D720256BFDF01A80105 /* tcp_module_config.cpp */; };
		9758F2520588DE88008F071A /* tcp_module_enumeration.cpp in Sources */ = {isa = PBXBuildFile; fileRef = F5530D730256BFDF01A80105 /* tcp_module_enumeration.cpp */; };
		9758F2530588DE88008F071A /* tcp_module_main.cpp in Sources */ = {isa = PBXBuildFile; fileRef = F5530D750256BFDF01A80105 /* tcp_module_main.cpp */; };
		9758F2540588DE88008F071A /* OPUtils.cpp in Sources */ = {isa = PBXBuildFile; fileRef = F5ABE67102556F8801A80105 /* OPUtils.cpp */; };
		9758F2550588DE88008F071A /* DebugPrint.cpp in Sources */ = {isa = PBXBuildFile; fileRef = F5ABE66E02556F8801A80105 /* DebugPrint.cpp */; };
		9758F2560588DE88008F071A /* machine_lock.cpp in Sources */ = {isa = PBXBuildFile; fileRef = F5ABE67002556F8801A80105 /* machine_lock.cpp */; };
		9758F2570588DE88008F071A /* configuration.c in Sources */ = {isa = PBXBuildFile; fileRef = F5530D760256BFDF01A80105 /* configuration.c */; };
		9758F2580588DE88008F071A /* ip_enumeration.c in Sources */ = {isa = PBXBuildFile; fileRef = F5530D770256BFDF01A80105 /* ip_enumeration.c */; };
		9758F2590588DE88008F071A /* String_Utils.cpp in Sources */ = {isa = PBXBuildFile; fileRef = F5ABE67202556F8801A80105 /* String_Utils.cpp */; };
		9758F25E0588DE88008F071A /* tcp_module_mac.r in Rez */ = {isa = PBXBuildFile; fileRef = F5679E09026A1F2001A80105 /* tcp_module_mac.r */; };
		9758F27D0588DE88008F071A /* NSpTestApp.cpp in Sources */ = {isa = PBXBuildFile; fileRef = F5CE6E01025AF68701A80105 /* NSpTestApp.cpp */; };
		9758F27E0588DE88008F071A /* OPUtils.cpp in Sources */ = {isa = PBXBuildFile; fileRef = F5ABE67102556F8801A80105 /* OPUtils.cpp */; };
		9758F2A10588DE88008F071A /* OPEnumTest.cpp in Sources */ = {isa = PBXBuildFile; fileRef = F5CE6E11025AF8AC01A80105 /* OPEnumTest.cpp */; };
		9758F2B10588DE88008F071A /* main.c in Sources */ = {isa = PBXBuildFile; fileRef = F587B687025C6DD401A80105 /* main.c */; };
		9758F2B20588DE88008F071A /* op_network.cpp in Sources */ = {isa = PBXBuildFile; fileRef = F587B688025C6DD401A80105 /* op_network.cpp */; };
		9758F2C10588DE89008F071A /* main.c in Sources */ = {isa = PBXBuildFile; fileRef = F587B687025C6DD401A80105 /* main.c */; };
		9758F2C20588DE89008F071A /* nsp_network.c in Sources */ = {isa = PBXBuildFile; fileRef = F587B68C025C70BB01A80105 /* nsp_network.c */; };
		9758F2D10588DE89008F071A /* miniplay.c in Sources */ = {isa = PBXBuildFile; fileRef = F5A7370502667C4401A80105 /* miniplay.c */; };
		9758F2F80588DE89008F071A /* OpenPlay.framework in Frameworks */ = {isa = PBXBuildFile; fileRef = 9758F24B0588DE88008F071A /* OpenPlay.framework */; };
		9758F2FA0588DE89008F071A /* OpenPlay.framework in Frameworks */ = {isa = PBXBuildFile; fileRef = 9758F24B0588DE88008F071A /* OpenPlay.framework */; };
		9758F2FB0588DE89008F071A /* OpenPlay.framework in Frameworks */ = {isa = PBXBuildFile; fileRef = 9758F24B0588DE88008F071A /* OpenPlay.framework */; };
		9758F2FC0588DE89008F071A /* OpenPlay.framework in Frameworks */ = {isa = PBXBuildFile; fileRef = 9758F24B0588DE88008F071A /* OpenPlay.framework */; };
		9758F2FD0588DE89008F071A /* OpenPlay.framework in Frameworks */ = {isa = PBXBuildFile; fileRef = 9758F24B0588DE88008F071A /* OpenPlay.framework */; };
/* End PBXBuildFile section */

/* Begin PBXContainerItemProxy section */
		188F165A05D2FF7A00A6EDA9 /* PBXContainerItemProxy */ = {
			isa = PBXContainerItemProxy;
			containerPortal = 0867D690FE84028FC02AAC07 /* Project object */;
			proxyType = 1;
			remoteGlobalIDString = 9758F24C0588DE88008F071A;
			remoteInfo = "IP Module";
		};
		2CF0566626E458C300163478 /* PBXContainerItemProxy */ = {
			isa = PBXContainerItemProxy;
			containerPortal = 0867D690FE84028FC02AAC07 /* Project object */;
			proxyType = 1;
			remoteGlobalIDString = 2CF0564626E4582C00163478;
			remoteInfo = MiniNSpApp;
		};
		2CF0566826E458C300163478 /* PBXContainerItemProxy */ = {
			isa = PBXContainerItemProxy;
			containerPortal = 0867D690FE84028FC02AAC07 /* Project object */;
			proxyType = 1;
			remoteGlobalIDString = 2CF0565626E4585F00163478;
			remoteInfo = OPDownloadHTTP;
		};
		9758F2E50588DE89008F071A /* PBXContainerItemProxy */ = {
			isa = PBXContainerItemProxy;
			containerPortal = 0867D690FE84028FC02AAC07 /* Project object */;
			proxyType = 1;
			remoteGlobalIDString = 9758F2220588DE88008F071A;
			remoteInfo = "OpenPlay Framework (Upgraded)";
		};
		9758F2EB0588DE89008F071A /* PBXContainerItemProxy */ = {
			isa = PBXContainerItemProxy;
			containerPortal = 0867D690FE84028FC02AAC07 /* Project object */;
			proxyType = 1;
			remoteGlobalIDString = 9758F2790588DE88008F071A;
			remoteInfo = "NetSprocketTest (Upgraded)";
		};
		9758F2ED0588DE89008F071A /* PBXContainerItemProxy */ = {
			isa = PBXContainerItemProxy;
			containerPortal = 0867D690FE84028FC02AAC07 /* Project object */;
			proxyType = 1;
			remoteGlobalIDString = 9758F29D0588DE88008F071A;
			remoteInfo = "OPEnumTest (Upgraded)";
		};
		9758F2F10588DE89008F071A /* PBXContainerItemProxy */ = {
			isa = PBXContainerItemProxy;
			containerPortal = 0867D690FE84028FC02AAC07 /* Project object */;
			proxyType = 1;
			remoteGlobalIDString = 9758F2AC0588DE88008F071A;
			remoteInfo = "OPExample1 (Upgraded)";
		};
		9758F2F30588DE89008F071A /* PBXContainerItemProxy */ = {
			isa = PBXContainerItemProxy;
			containerPortal = 0867D690FE84028FC02AAC07 /* Project object */;
			proxyType = 1;
			remoteGlobalIDString = 9758F2BD0588DE89008F071A;
			remoteInfo = "NSpExample1 (Upgraded)";
		};
		9758F2F50588DE89008F071A /* PBXContainerItemProxy */ = {
			isa = PBXContainerItemProxy;
			containerPortal = 0867D690FE84028FC02AAC07 /* Project object */;
			proxyType = 1;
			remoteGlobalIDString = 9758F2CD0588DE89008F071A;
			remoteInfo = "OpenPlayMiniDemo (Upgraded)";
		};
/* End PBXContainerItemProxy section */

/* Begin PBXCopyFilesBuildPhase section */
		18EB655905D055B8006B1F7B /* CopyFiles */ = {
			isa = PBXCopyFilesBuildPhase;
			buildActionMask = 2147483647;
			dstPath = modules;
			dstSubfolderSpec = 7;
			files = (
				18EB655A05D055CF006B1F7B /* tcpip.so.bundle in CopyFiles */,
			);
			runOnlyForDeploymentPostprocessing = 0;
		};
		2CF0564F26E4582C00163478 /* CopyFiles */ = {
			isa = PBXCopyFilesBuildPhase;
			buildActionMask = 2147483647;
			dstPath = "";
			dstSubfolderSpec = 10;
			files = (
				2CF0565026E4582C00163478 /* OpenPlay.framework in CopyFiles */,
			);
			runOnlyForDeploymentPostprocessing = 0;
		};
		2CF0565F26E4585F00163478 /* CopyFiles */ = {
			isa = PBXCopyFilesBuildPhase;
			buildActionMask = 2147483647;
			dstPath = "";
			dstSubfolderSpec = 10;
			files = (
				2CF0566026E4585F00163478 /* OpenPlay.framework in CopyFiles */,
			);
			runOnlyForDeploymentPostprocessing = 0;
		};
		9758F2830588DE88008F071A /* CopyFiles */ = {
			isa = PBXCopyFilesBuildPhase;
			buildActionMask = 2147483647;
			dstPath = "";
			dstSubfolderSpec = 10;
			files = (
				18AD33FB05D070C0006D9A32 /* OpenPlay.framework in CopyFiles */,
			);
			runOnlyForDeploymentPostprocessing = 0;
		};
		9758F2A60588DE88008F071A /* CopyFiles */ = {
			isa = PBXCopyFilesBuildPhase;
			buildActionMask = 2147483647;
			dstPath = "";
			dstSubfolderSpec = 10;
			files = (
				18AD33F005D070AF006D9A32 /* OpenPlay.framework in CopyFiles */,
			);
			runOnlyForDeploymentPostprocessing = 0;
		};
		9758F2B70588DE88008F071A /* CopyFiles */ = {
			isa = PBXCopyFilesBuildPhase;
			buildActionMask = 2147483647;
			dstPath = "";
			dstSubfolderSpec = 10;
			files = (
				18AD33EC05D070A8006D9A32 /* OpenPlay.framework in CopyFiles */,
			);
			runOnlyForDeploymentPostprocessing = 0;
		};
		9758F2C70588DE89008F071A /* CopyFiles */ = {
			isa = PBXCopyFilesBuildPhase;
			buildActionMask = 2147483647;
			dstPath = "";
			dstSubfolderSpec = 10;
			files = (
				18EB657F05D05794006B1F7B /* OpenPlay.framework in CopyFiles */,
			);
			runOnlyForDeploymentPostprocessing = 0;
		};
		9758F2D50588DE89008F071A /* CopyFiles */ = {
			isa = PBXCopyFilesBuildPhase;
			buildActionMask = 2147483647;
			dstPath = "";
			dstSubfolderSpec = 10;
			files = (
				18AD33E105D0708E006D9A32 /* OpenPlay.framework in CopyFiles */,
			);
			runOnlyForDeploymentPostprocessing = 0;
		};
/* End PBXCopyFilesBuildPhase section */

/* Begin PBXFileReference section */
		2C25E81F26C55B1A000E73E5 /* English */ = {isa = PBXFileReference; fileEncoding = 10; lastKnownFileType = text.plist.strings; name = English; path = English.lproj/InfoPlist.strings; sourceTree = "<group>"; };
		2C8547F226E46DD6005A70D9 /* String_Utils.h */ = {isa = PBXFileReference; lastKnownFileType = sourcecode.c.h; path = String_Utils.h; sourceTree = "<group>"; };
		2C8547F326E522A2005A70D9 /* DebugPrint.h */ = {isa = PBXFileReference; fileEncoding = 4; lastKnownFileType = sourcecode.c.h; path = DebugPrint.h; sourceTree = "<group>"; };
		2C8547F426E522B8005A70D9 /* machine_lock.h */ = {isa = PBXFileReference; lastKnownFileType = sourcecode.c.h; path = machine_lock.h; sourceTree = "<group>"; };
		2C8547F526E52310005A70D9 /* ip_enumeration.h */ = {isa = PBXFileReference; lastKnownFileType = sourcecode.c.h; path = ip_enumeration.h; sourceTree = "<group>"; };
		2C8547F626E52327005A70D9 /* configuration.h */ = {isa = PBXFileReference; lastKnownFileType = sourcecode.c.h; path = configuration.h; sourceTree = "<group>"; };
		2C8547F726E5234A005A70D9 /* Exceptions.h */ = {isa = PBXFileReference; lastKnownFileType = sourcecode.c.h; path = Exceptions.h; sourceTree = "<group>"; };
		2C8547F826E52363005A70D9 /* configfields.h */ = {isa = PBXFileReference; lastKnownFileType = sourcecode.c.h; path = configfields.h; sourceTree = "<group>"; };
		2C8547F926E52391005A70D9 /* portable_files.h */ = {isa = PBXFileReference; lastKnownFileType = sourcecode.c.h; path = portable_files.h; sourceTree = "<group>"; };
		2C8547FA26E523B3005A70D9 /* TPointerArray.h */ = {isa = PBXFileReference; lastKnownFileType = sourcecode.c.h; path = TPointerArray.h; sourceTree = "<group>"; };
		2C8547FB26E5240E005A70D9 /* op_definitions.h */ = {isa = PBXFileReference; lastKnownFileType = sourcecode.c.h; path = op_definitions.h; sourceTree = "<group>"; };
		2C8547FC26E52427005A70D9 /* op_globals.h */ = {isa = PBXFileReference; lastKnownFileType = sourcecode.c.h; path = op_globals.h; sourceTree = "<group>"; };
		2C8547FD26E52463005A70D9 /* ERObject.h */ = {isa = PBXFileReference; lastKnownFileType = sourcecode.c.h; path = ERObject.h; sourceTree = "<group>"; };
		2C8547FE26E52489005A70D9 /* OPDLLUtils.h */ = {isa = PBXFileReference; lastKnownFileType = sourcecode.c.h; path = OPDLLUtils.h; sourceTree = "<group>"; };
		2C85480126E525BB005A70D9 /* CEndpoint_OP.h */ = {isa = PBXFileReference; lastKnownFileType = sourcecode.c.h; path = CEndpoint_OP.h; sourceTree = "<group>"; };
		2C85480226E525DE005A70D9 /* ByteSwapping.h */ = {isa = PBXFileReference; lastKnownFileType = sourcecode.c.h; path = ByteSwapping.h; sourceTree = "<group>"; };
		2C85480326E52600005A70D9 /* find_files.h */ = {isa = PBXFileReference; lastKnownFileType = sourcecode.c.h; path = find_files.h; sourceTree = "<group>"; };
		2C85480426E52655005A70D9 /* PrivateMessages.h */ = {isa = PBXFileReference; lastKnownFileType = sourcecode.c.h; path = PrivateMessages.h; sourceTree = "<group>"; };
		2C85480526E52684005A70D9 /* op_resources.h */ = {isa = PBXFileReference; lastKnownFileType = sourcecode.c.h; path = op_resources.h; sourceTree = "<group>"; };
		2C85480626E52696005A70D9 /* module_management.h */ = {isa = PBXFileReference; lastKnownFileType = sourcecode.c.h; path = module_management.h; sourceTree = "<group>"; };
		2C85480726E526C6005A70D9 /* op_dlfcn.h */ = {isa = PBXFileReference; lastKnownFileType = sourcecode.c.h; path = op_dlfcn.h; sourceTree = "<group>"; };
		2C85480826E52704005A70D9 /* NSpPrefix.h */ = {isa = PBXFileReference; lastKnownFileType = sourcecode.c.h; path = NSpPrefix.h; sourceTree = "<group>"; };
		2C8780D526C57E9800E3CAC0 /* OpenPlay.h */ = {isa = PBXFileReference; fileEncoding = 4; lastKnownFileType = sourcecode.c.h; path = OpenPlay.h; sourceTree = "<group>"; };
		2C8780D826C580C400E3CAC0 /* OPUtils.h */ = {isa = PBXFileReference; lastKnownFileType = sourcecode.c.h; path = OPUtils.h; sourceTree = "<group>"; };
		2C8780D926C5812E00E3CAC0 /* LinkedList.h */ = {isa = PBXFileReference; lastKnownFileType = sourcecode.c.h; path = LinkedList.h; sourceTree = "<group>"; };
		2C8780DC26C5938800E3CAC0 /* NetModule.h */ = {isa = PBXFileReference; lastKnownFileType = sourcecode.c.h; path = NetModule.h; sourceTree = "<group>"; };
		2C8780DD26C5941F00E3CAC0 /* NetModulePrivate.h */ = {isa = PBXFileReference; lastKnownFileType = sourcecode.c.h; path = NetModulePrivate.h; sourceTree = "<group>"; };
		2CF0564426E456A400163478 /* Info-MiniNSpApp.plist */ = {isa = PBXFileReference; lastKnownFileType = text.plist.xml; path = "Info-MiniNSpApp.plist"; sourceTree = "<group>"; };
		2CF0564526E456B200163478 /* Info-OPDownloadHTTP.plist */ = {isa = PBXFileReference; lastKnownFileType = text.plist.xml; path = "Info-OPDownloadHTTP.plist"; sourceTree = "<group>"; };
		2CF0565426E4582C00163478 /* MiniNSpApp.app */ = {isa = PBXFileReference; explicitFileType = wrapper.application; includeInIndex = 0; path = MiniNSpApp.app; sourceTree = BUILT_PRODUCTS_DIR; };
		2CF0566426E4585F00163478 /* OPDownloadHTTP.app */ = {isa = PBXFileReference; explicitFileType = wrapper.application; includeInIndex = 0; path = OPDownloadHTTP.app; sourceTree = BUILT_PRODUCTS_DIR; };
		2CF0566A26E460F600163478 /* Mini_NSp_App.cpp */ = {isa = PBXFileReference; fileEncoding = 4; lastKnownFileType = sourcecode.cpp.cpp; path = Mini_NSp_App.cpp; sourceTree = "<group>"; };
		2CF0566C26E4614A00163478 /* OPGetURL.cpp */ = {isa = PBXFileReference; fileEncoding = 4; lastKnownFileType = sourcecode.cpp.cpp; path = OPGetURL.cpp; sourceTree = "<group>"; };
		2CF0566D26E4614A00163478 /* OPDownloadHTTP.cpp */ = {isa = PBXFileReference; fileEncoding = 4; lastKnownFileType = sourcecode.cpp.cpp; path = OPDownloadHTTP.cpp; sourceTree = "<group>"; };
		9758F24A0588DE88008F071A /* Info-OpenPlay_Framework.plist */ = {isa = PBXFileReference; lastKnownFileType = text.plist; path = "Info-OpenPlay_Framework.plist"; sourceTree = "<group>"; };
		9758F24B0588DE88008F071A /* OpenPlay.framework */ = {isa = PBXFileReference; explicitFileType = wrapper.framework; includeInIndex = 0; path = OpenPlay.framework; sourceTree = BUILT_PRODUCTS_DIR; };
		9758F2600588DE88008F071A /* Info-IP_Module.plist */ = {isa = PBXFileReference; lastKnownFileType = text.plist; path = "Info-IP_Module.plist"; sourceTree = "<group>"; };
		9758F2610588DE88008F071A /* tcpip.so.bundle */ = {isa = PBXFileReference; explicitFileType = wrapper.cfbundle; includeInIndex = 0; path = tcpip.so.bundle; sourceTree = BUILT_PRODUCTS_DIR; };
		9758F2860588DE88008F071A /* Info-NSpTest.plist */ = {isa = PBXFileReference; lastKnownFileType = text.plist.xml; path = "Info-NSpTest.plist"; sourceTree = "<group>"; };
		9758F2870588DE88008F071A /* NSpTest.app */ = {isa = PBXFileReference; explicitFileType = wrapper.application; includeInIndex = 0; path = NSpTest.app; sourceTree = BUILT_PRODUCTS_DIR; };
		9758F2A90588DE88008F071A /* Info-OPEnumTest.plist */ = {isa = PBXFileReference; lastKnownFileType = text.plist; path = "Info-OPEnumTest.plist"; sourceTree = "<group>"; };
		9758F2AA0588DE88008F071A /* OPEnumTest.app */ = {isa = PBXFileReference; explicitFileType = wrapper.application; includeInIndex = 0; path = OPEnumTest.app; sourceTree = BUILT_PRODUCTS_DIR; };
		9758F2BA0588DE89008F071A /* Info-OPExample1.plist */ = {isa = PBXFileReference; lastKnownFileType = text.plist; path = "Info-OPExample1.plist"; sourceTree = "<group>"; };
		9758F2BB0588DE89008F071A /* OPExample1.app */ = {isa = PBXFileReference; explicitFileType = wrapper.application; includeInIndex = 0; path = OPExample1.app; sourceTree = BUILT_PRODUCTS_DIR; };
		9758F2CA0588DE89008F071A /* Info-NSpExample1.plist */ = {isa = PBXFileReference; lastKnownFileType = text.plist; path = "Info-NSpExample1.plist"; sourceTree = "<group>"; };
		9758F2CB0588DE89008F071A /* NSpExample1.app */ = {isa = PBXFileReference; explicitFileType = wrapper.application; includeInIndex = 0; path = NSpExample1.app; sourceTree = BUILT_PRODUCTS_DIR; };
		9758F2D80588DE89008F071A /* Info-MiniPlay.plist */ = {isa = PBXFileReference; lastKnownFileType = text.plist.xml; path = "Info-MiniPlay.plist"; sourceTree = "<group>"; };
		9758F2D90588DE89008F071A /* MiniPlay.app */ = {isa = PBXFileReference; explicitFileType = wrapper.application; includeInIndex = 0; path = MiniPlay.app; sourceTree = BUILT_PRODUCTS_DIR; };
		F5530D710256BFDF01A80105 /* tcp_module_communication.cpp */ = {isa = PBXFileReference; fileEncoding = 30; lastKnownFileType = sourcecode.cpp.cpp; path = tcp_module_communication.cpp; sourceTree = "<group>"; };
		F5530D720256BFDF01A80105 /* tcp_module_config.cpp */ = {isa = PBXFileReference; fileEncoding = 30; lastKnownFileType = sourcecode.cpp.cpp; path = tcp_module_config.cpp; sourceTree = "<group>"; };
		F5530D730256BFDF01A80105 /* tcp_module_enumeration.cpp */ = {isa = PBXFileReference; fileEncoding = 30; lastKnownFileType = sourcecode.cpp.cpp; path = tcp_module_enumeration.cpp; sourceTree = "<group>"; };
		F5530D750256BFDF01A80105 /* tcp_module_main.cpp */ = {isa = PBXFileReference; fileEncoding = 30; lastKnownFileType = sourcecode.cpp.cpp; path = tcp_module_main.cpp; sourceTree = "<group>"; };
		F5530D760256BFDF01A80105 /* configuration.c */ = {isa = PBXFileReference; fileEncoding = 30; lastKnownFileType = sourcecode.c.c; path = configuration.c; sourceTree = "<group>"; };
		F5530D770256BFDF01A80105 /* ip_enumeration.c */ = {isa = PBXFileReference; fileEncoding = 30; lastKnownFileType = sourcecode.c.c; path = ip_enumeration.c; sourceTree = "<group>"; };
		F5679E09026A1F2001A80105 /* tcp_module_mac.r */ = {isa = PBXFileReference; fileEncoding = 30; lastKnownFileType = sourcecode.rez; path = tcp_module_mac.r; sourceTree = "<group>"; };
		F5679E12026A382401A80105 /* NetSprocketMachO.r */ = {isa = PBXFileReference; fileEncoding = 30; lastKnownFileType = sourcecode.rez; path = NetSprocketMachO.r; sourceTree = "<group>"; };
		F587B687025C6DD401A80105 /* main.c */ = {isa = PBXFileReference; fileEncoding = 30; lastKnownFileType = sourcecode.c.c; path = main.c; sourceTree = "<group>"; };
		F587B688025C6DD401A80105 /* op_network.cpp */ = {isa = PBXFileReference; fileEncoding = 30; lastKnownFileType = sourcecode.cpp.cpp; path = op_network.cpp; sourceTree = "<group>"; };
		F587B68C025C70BB01A80105 /* nsp_network.c */ = {isa = PBXFileReference; fileEncoding = 30; lastKnownFileType = sourcecode.c.c; path = nsp_network.c; sourceTree = "<group>"; };
		F5A7370502667C4401A80105 /* miniplay.c */ = {isa = PBXFileReference; fileEncoding = 30; lastKnownFileType = sourcecode.c.c; path = miniplay.c; sourceTree = "<group>"; };
		F5ABE64102556F3701A80105 /* module_management.cpp */ = {isa = PBXFileReference; fileEncoding = 30; lastKnownFileType = sourcecode.cpp.cpp; path = module_management.cpp; sourceTree = "<group>"; };
		F5ABE64202556F3701A80105 /* op_endpoint.cpp */ = {isa = PBXFileReference; fileEncoding = 30; lastKnownFileType = sourcecode.cpp.cpp; path = op_endpoint.cpp; sourceTree = "<group>"; };
		F5ABE64302556F3701A80105 /* op_hi.cpp */ = {isa = PBXFileReference; fileEncoding = 30; lastKnownFileType = sourcecode.cpp.cpp; path = op_hi.cpp; sourceTree = "<group>"; };
		F5ABE64402556F3701A80105 /* op_module_mgmt.cpp */ = {isa = PBXFileReference; fileEncoding = 30; lastKnownFileType = sourcecode.cpp.cpp; path = op_module_mgmt.cpp; sourceTree = "<group>"; };
		F5ABE64502556F3701A80105 /* op_packet.cpp */ = {isa = PBXFileReference; fileEncoding = 30; lastKnownFileType = sourcecode.cpp.cpp; path = op_packet.cpp; sourceTree = "<group>"; };
		F5ABE64602556F3701A80105 /* openplay.cpp */ = {isa = PBXFileReference; fileEncoding = 30; lastKnownFileType = sourcecode.cpp.cpp; path = openplay.cpp; sourceTree = "<group>"; };
		F5ABE64702556F3701A80105 /* op_dlopen.c */ = {isa = PBXFileReference; fileEncoding = 30; lastKnownFileType = sourcecode.c.c; path = op_dlopen.c; sourceTree = "<group>"; };
		F5ABE64802556F3701A80105 /* openplay_posix.cpp */ = {isa = PBXFileReference; fileEncoding = 30; lastKnownFileType = sourcecode.cpp.cpp; path = openplay_posix.cpp; sourceTree = "<group>"; };
		F5ABE64902556F3701A80105 /* CATEndpoint_OP.cpp */ = {isa = PBXFileReference; fileEncoding = 30; lastKnownFileType = sourcecode.cpp.cpp; path = CATEndpoint_OP.cpp; sourceTree = "<group>"; };
		F5ABE64A02556F3701A80105 /* CEndpoint_OP.cpp */ = {isa = PBXFileReference; fileEncoding = 30; lastKnownFileType = sourcecode.cpp.cpp; path = CEndpoint_OP.cpp; sourceTree = "<group>"; };
		F5ABE64B02556F3701A80105 /* CIPEndpoint_OP.cpp */ = {isa = PBXFileReference; fileEncoding = 30; lastKnownFileType = sourcecode.cpp.cpp; path = CIPEndpoint_OP.cpp; sourceTree = "<group>"; };
		F5ABE64C02556F3701A80105 /* EntryPoint.cpp */ = {isa = PBXFileReference; fileEncoding = 30; lastKnownFileType = sourcecode.cpp.cpp; path = EntryPoint.cpp; sourceTree = "<group>"; };
		F5ABE64D02556F3701A80105 /* NetSprocketLib.cpp */ = {isa = PBXFileReference; fileEncoding = 30; lastKnownFileType = sourcecode.cpp.cpp; path = NetSprocketLib.cpp; sourceTree = "<group>"; };
		F5ABE64E02556F3701A80105 /* NSp_InterruptSafeList.cpp */ = {isa = PBXFileReference; fileEncoding = 30; lastKnownFileType = sourcecode.cpp.cpp; path = NSp_InterruptSafeList.cpp; sourceTree = "<group>"; };
		F5ABE64F02556F3701A80105 /* NSpGame.cpp */ = {isa = PBXFileReference; fileEncoding = 30; lastKnownFileType = sourcecode.cpp.cpp; path = NSpGame.cpp; sourceTree = "<group>"; };
		F5ABE65002556F3701A80105 /* NSpGameMaster.cpp */ = {isa = PBXFileReference; fileEncoding = 30; lastKnownFileType = sourcecode.cpp.cpp; path = NSpGameMaster.cpp; sourceTree = "<group>"; };
		F5ABE65102556F3701A80105 /* NSpGamePrivate.cpp */ = {isa = PBXFileReference; fileEncoding = 30; lastKnownFileType = sourcecode.cpp.cpp; path = NSpGamePrivate.cpp; sourceTree = "<group>"; };
		F5ABE65202556F3701A80105 /* NSpGameSlave.cpp */ = {isa = PBXFileReference; fileEncoding = 30; lastKnownFileType = sourcecode.cpp.cpp; path = NSpGameSlave.cpp; sourceTree = "<group>"; };
		F5ABE65302556F3701A80105 /* NSpLists_OP.cpp */ = {isa = PBXFileReference; fileEncoding = 30; lastKnownFileType = sourcecode.cpp.cpp; path = NSpLists_OP.cpp; sourceTree = "<group>"; };
		F5ABE65402556F3701A80105 /* NSpProtocolRef.cpp */ = {isa = PBXFileReference; fileEncoding = 30; lastKnownFileType = sourcecode.cpp.cpp; path = NSpProtocolRef.cpp; sourceTree = "<group>"; };
		F5ABE66902556F5F01A80105 /* dll_utils_posix.cpp */ = {isa = PBXFileReference; fileEncoding = 30; lastKnownFileType = sourcecode.cpp.cpp; path = dll_utils_posix.cpp; sourceTree = "<group>"; };
		F5ABE66A02556F5F01A80105 /* find_files_posix.cpp */ = {isa = PBXFileReference; fileEncoding = 30; lastKnownFileType = sourcecode.cpp.cpp; path = find_files_posix.cpp; sourceTree = "<group>"; };
		F5ABE66D02556F8801A80105 /* ByteSwapping.cpp */ = {isa = PBXFileReference; fileEncoding = 30; lastKnownFileType = sourcecode.cpp.cpp; path = ByteSwapping.cpp; sourceTree = "<group>"; };
		F5ABE66E02556F8801A80105 /* DebugPrint.cpp */ = {isa = PBXFileReference; fileEncoding = 30; lastKnownFileType = sourcecode.cpp.cpp; path = DebugPrint.cpp; sourceTree = "<group>"; };
		F5ABE66F02556F8801A80105 /* ERObject.cpp */ = {isa = PBXFileReference; fileEncoding = 30; lastKnownFileType = sourcecode.cpp.cpp; path = ERObject.cpp; sourceTree = "<group>"; };
		F5ABE67002556F8801A80105 /* machine_lock.cpp */ = {isa = PBXFileReference; fileEncoding = 30; lastKnownFileType = sourcecode.cpp.cpp; path = machine_lock.cpp; sourceTree = "<group>"; };
		F5ABE67102556F8801A80105 /* OPUtils.cpp */ = {isa = PBXFileReference; fileEncoding = 30; lastKnownFileType = sourcecode.cpp.cpp; path = OPUtils.cpp; sourceTree = "<group>"; };
		F5ABE67202556F8801A80105 /* String_Utils.cpp */ = {isa = PBXFileReference; fileEncoding = 30; lastKnownFileType = sourcecode.cpp.cpp; path = String_Utils.cpp; sourceTree = "<group>"; };
		F5ABE67302556F8801A80105 /* TPointerArray.cpp */ = {isa = PBXFileReference; fileEncoding = 30; lastKnownFileType = sourcecode.cpp.cpp; path = TPointerArray.cpp; sourceTree = "<group>"; };
		F5CE6E01025AF68701A80105 /* NSpTestApp.cpp */ = {isa = PBXFileReference; fileEncoding = 30; lastKnownFileType = sourcecode.cpp.cpp; path = NSpTestApp.cpp; sourceTree = "<group>"; };
		F5CE6E11025AF8AC01A80105 /* OPEnumTest.cpp */ = {isa = PBXFileReference; fileEncoding = 30; lastKnownFileType = sourcecode.cpp.cpp; path = OPEnumTest.cpp; sourceTree = "<group>"; };
		F5FE302102558CD301A80105 /* Carbon.framework */ = {isa = PBXFileReference; lastKnownFileType = wrapper.framework; name = Carbon.framework; path = /System/Library/Frameworks/Carbon.framework; sourceTree = "<absolute>"; };
/* End PBXFileReference section */

/* Begin PBXFrameworksBuildPhase section */
		2CF0564C26E4582C00163478 /* Frameworks */ = {
			isa = PBXFrameworksBuildPhase;
			buildActionMask = 2147483647;
			files = (
				2CF0564D26E4582C00163478 /* OpenPlay.framework in Frameworks */,
			);
			runOnlyForDeploymentPostprocessing = 0;
		};
		2CF0565C26E4585F00163478 /* Frameworks */ = {
			isa = PBXFrameworksBuildPhase;
			buildActionMask = 2147483647;
			files = (
				2CF0565D26E4585F00163478 /* OpenPlay.framework in Frameworks */,
			);
			runOnlyForDeploymentPostprocessing = 0;
		};
		9758F2450588DE88008F071A /* Frameworks */ = {
			isa = PBXFrameworksBuildPhase;
			buildActionMask = 2147483647;
			files = (
				9758F2460588DE88008F071A /* Carbon.framework in Frameworks */,
			);
			runOnlyForDeploymentPostprocessing = 0;
		};
		9758F25B0588DE88008F071A /* Frameworks */ = {
			isa = PBXFrameworksBuildPhase;
			buildActionMask = 2147483647;
			files = (
			);
			runOnlyForDeploymentPostprocessing = 0;
		};
		9758F27F0588DE88008F071A /* Frameworks */ = {
			isa = PBXFrameworksBuildPhase;
			buildActionMask = 2147483647;
			files = (
				9758F2F80588DE89008F071A /* OpenPlay.framework in Frameworks */,
			);
			runOnlyForDeploymentPostprocessing = 0;
		};
		9758F2A20588DE88008F071A /* Frameworks */ = {
			isa = PBXFrameworksBuildPhase;
			buildActionMask = 2147483647;
			files = (
				9758F2FA0588DE89008F071A /* OpenPlay.framework in Frameworks */,
			);
			runOnlyForDeploymentPostprocessing = 0;
		};
		9758F2B30588DE88008F071A /* Frameworks */ = {
			isa = PBXFrameworksBuildPhase;
			buildActionMask = 2147483647;
			files = (
				9758F2FB0588DE89008F071A /* OpenPlay.framework in Frameworks */,
			);
			runOnlyForDeploymentPostprocessing = 0;
		};
		9758F2C30588DE89008F071A /* Frameworks */ = {
			isa = PBXFrameworksBuildPhase;
			buildActionMask = 2147483647;
			files = (
				9758F2FC0588DE89008F071A /* OpenPlay.framework in Frameworks */,
			);
			runOnlyForDeploymentPostprocessing = 0;
		};
		9758F2D20588DE89008F071A /* Frameworks */ = {
			isa = PBXFrameworksBuildPhase;
			buildActionMask = 2147483647;
			files = (
				9758F2FD0588DE89008F071A /* OpenPlay.framework in Frameworks */,
			);
			runOnlyForDeploymentPostprocessing = 0;
		};
/* End PBXFrameworksBuildPhase section */

/* Begin PBXGroup section */
		034768DDFF38A45A11DB9C8B /* Products,Libs,Frameworks */ = {
			isa = PBXGroup;
			children = (
				F5FE302102558CD301A80105 /* Carbon.framework */,
				9758F24B0588DE88008F071A /* OpenPlay.framework */,
				9758F2610588DE88008F071A /* tcpip.so.bundle */,
				2CF0565426E4582C00163478 /* MiniNSpApp.app */,
				9758F2D90588DE89008F071A /* MiniPlay.app */,
				9758F2CB0588DE89008F071A /* NSpExample1.app */,
				9758F2870588DE88008F071A /* NSpTest.app */,
				2CF0566426E4585F00163478 /* OPDownloadHTTP.app */,
				9758F2AA0588DE88008F071A /* OPEnumTest.app */,
				9758F2BB0588DE89008F071A /* OPExample1.app */,
			);
			name = "Products,Libs,Frameworks";
			sourceTree = SOURCE_ROOT;
		};
		0867D691FE84028FC02AAC07 /* OpenPlay */ = {
			isa = PBXGroup;
			children = (
				2CC8FE0826C3FCDD0048E469 /* Interfaces */,
				2CC8FE0926C3FCFD0048E469 /* Project_Files */,
				2C5B320426C3FEBB00217E09 /* Source */,
				034768DDFF38A45A11DB9C8B /* Products,Libs,Frameworks */,
			);
			name = OpenPlay;
			sourceTree = "<group>";
		};
		2C5B320426C3FEBB00217E09 /* Source */ = {
			isa = PBXGroup;
			children = (
				2C5B320526C3FF4E00217E09 /* Demos */,
				2C5B321426C4035600217E09 /* NetSprocketLib */,
				2C5B321526C4035E00217E09 /* OpenPlayLib */,
				2C5B321626C4036C00217E09 /* OPNetModules */,
				2C5B321726C4037800217E09 /* Utilities */,
			);
			name = Source;
			path = ../../Source;
			sourceTree = "<group>";
		};
		2C5B320526C3FF4E00217E09 /* Demos */ = {
			isa = PBXGroup;
			children = (
				2C5B320626C3FF7000217E09 /* NSpMiniApp */,
				2C5B320826C3FF9300217E09 /* NSpTestApp */,
				2C5B320A26C3FFB300217E09 /* OPDownloadHTTP */,
				2C5B320C26C4001600217E09 /* OPEnumTest */,
				2C5B320D26C4004600217E09 /* OPExample1 */,
				2C5B320F26C4006D00217E09 /* OPMiniDemo */,
			);
			path = Demos;
			sourceTree = "<group>";
		};
		2C5B320626C3FF7000217E09 /* NSpMiniApp */ = {
			isa = PBXGroup;
			children = (
				2CF0566A26E460F600163478 /* Mini_NSp_App.cpp */,
			);
			path = NSpMiniApp;
			sourceTree = "<group>";
		};
		2C5B320826C3FF9300217E09 /* NSpTestApp */ = {
			isa = PBXGroup;
			children = (
				F5CE6E01025AF68701A80105 /* NSpTestApp.cpp */,
			);
			path = NSpTestApp;
			sourceTree = "<group>";
		};
		2C5B320A26C3FFB300217E09 /* OPDownloadHTTP */ = {
			isa = PBXGroup;
			children = (
				2CF0566D26E4614A00163478 /* OPDownloadHTTP.cpp */,
				2CF0566C26E4614A00163478 /* OPGetURL.cpp */,
			);
			path = OPDownloadHTTP;
			sourceTree = "<group>";
		};
		2C5B320C26C4001600217E09 /* OPEnumTest */ = {
			isa = PBXGroup;
			children = (
				F5CE6E11025AF8AC01A80105 /* OPEnumTest.cpp */,
			);
			path = OPEnumTest;
			sourceTree = "<group>";
		};
		2C5B320D26C4004600217E09 /* OPExample1 */ = {
			isa = PBXGroup;
			children = (
				F587B687025C6DD401A80105 /* main.c */,
				F587B68C025C70BB01A80105 /* nsp_network.c */,
				F587B688025C6DD401A80105 /* op_network.cpp */,
			);
			path = OPExample1;
			sourceTree = "<group>";
		};
		2C5B320F26C4006D00217E09 /* OPMiniDemo */ = {
			isa = PBXGroup;
			children = (
				F5A7370502667C4401A80105 /* miniplay.c */,
			);
			path = OPMiniDemo;
			sourceTree = "<group>";
		};
		2C5B321426C4035600217E09 /* NetSprocketLib */ = {
			isa = PBXGroup;
			children = (
				2C5B322426C4062400217E09 /* Macintosh */,
				F5ABE64902556F3701A80105 /* CATEndpoint_OP.cpp */,
				F5ABE64A02556F3701A80105 /* CEndpoint_OP.cpp */,
				2C85480126E525BB005A70D9 /* CEndpoint_OP.h */,
				F5ABE64B02556F3701A80105 /* CIPEndpoint_OP.cpp */,
				F5ABE64C02556F3701A80105 /* EntryPoint.cpp */,
				F5ABE64D02556F3701A80105 /* NetSprocketLib.cpp */,
				F5ABE64E02556F3701A80105 /* NSp_InterruptSafeList.cpp */,
				F5ABE64F02556F3701A80105 /* NSpGame.cpp */,
				F5ABE65002556F3701A80105 /* NSpGameMaster.cpp */,
				F5ABE65102556F3701A80105 /* NSpGamePrivate.cpp */,
				F5ABE65202556F3701A80105 /* NSpGameSlave.cpp */,
				F5ABE65302556F3701A80105 /* NSpLists_OP.cpp */,
				2C85480826E52704005A70D9 /* NSpPrefix.h */,
				F5ABE65402556F3701A80105 /* NSpProtocolRef.cpp */,
				2C85480426E52655005A70D9 /* PrivateMessages.h */,
			);
			path = NetSprocketLib;
			sourceTree = "<group>";
		};
		2C5B321526C4035E00217E09 /* OpenPlayLib */ = {
			isa = PBXGroup;
			children = (
				2C5B322626C406F700217E09 /* Common */,
				2C5B322726C407B300217E09 /* Posix */,
			);
			path = OpenPlayLib;
			sourceTree = "<group>";
		};
		2C5B321626C4036C00217E09 /* OPNetModules */ = {
			isa = PBXGroup;
			children = (
				2C5B321A26C4043800217E09 /* Common */,
				2C5B321826C403DC00217E09 /* Posix */,
				2C8780DC26C5938800E3CAC0 /* NetModule.h */,
			);
			path = OPNetModules;
			sourceTree = "<group>";
		};
		2C5B321726C4037800217E09 /* Utilities */ = {
			isa = PBXGroup;
			children = (
				2C5B322826C40A5400217E09 /* Posix */,
				F5ABE66D02556F8801A80105 /* ByteSwapping.cpp */,
				2C85480226E525DE005A70D9 /* ByteSwapping.h */,
				F5ABE66E02556F8801A80105 /* DebugPrint.cpp */,
				2C8547F326E522A2005A70D9 /* DebugPrint.h */,
				F5ABE66F02556F8801A80105 /* ERObject.cpp */,
				2C8547FD26E52463005A70D9 /* ERObject.h */,
				2C8547F726E5234A005A70D9 /* Exceptions.h */,
				2C85480326E52600005A70D9 /* find_files.h */,
				2C8780D926C5812E00E3CAC0 /* LinkedList.h */,
				F5ABE67002556F8801A80105 /* machine_lock.cpp */,
				2C8547F426E522B8005A70D9 /* machine_lock.h */,
				2C8547FE26E52489005A70D9 /* OPDLLUtils.h */,
				F5ABE67102556F8801A80105 /* OPUtils.cpp */,
				2C8780D826C580C400E3CAC0 /* OPUtils.h */,
				2C8547F926E52391005A70D9 /* portable_files.h */,
				F5ABE67202556F8801A80105 /* String_Utils.cpp */,
				2C8547F226E46DD6005A70D9 /* String_Utils.h */,
				F5ABE67302556F8801A80105 /* TPointerArray.cpp */,
				2C8547FA26E523B3005A70D9 /* TPointerArray.h */,
			);
			path = Utilities;
			sourceTree = "<group>";
		};
		2C5B321826C403DC00217E09 /* Posix */ = {
			isa = PBXGroup;
			children = (
				2C5B321926C403F800217E09 /* TCP_IP */,
			);
			path = Posix;
			sourceTree = "<group>";
		};
		2C5B321926C403F800217E09 /* TCP_IP */ = {
			isa = PBXGroup;
			children = (
				F5530D710256BFDF01A80105 /* tcp_module_communication.cpp */,
				F5530D720256BFDF01A80105 /* tcp_module_config.cpp */,
				F5530D730256BFDF01A80105 /* tcp_module_enumeration.cpp */,
				F5679E09026A1F2001A80105 /* tcp_module_mac.r */,
				F5530D750256BFDF01A80105 /* tcp_module_main.cpp */,
			);
			path = TCP_IP;
			sourceTree = "<group>";
		};
		2C5B321A26C4043800217E09 /* Common */ = {
			isa = PBXGroup;
			children = (
				2C8547F826E52363005A70D9 /* configfields.h */,
				F5530D760256BFDF01A80105 /* configuration.c */,
				2C8547F626E52327005A70D9 /* configuration.h */,
				F5530D770256BFDF01A80105 /* ip_enumeration.c */,
				2C8547F526E52310005A70D9 /* ip_enumeration.h */,
				2C8780DD26C5941F00E3CAC0 /* NetModulePrivate.h */,
			);
			path = Common;
			sourceTree = "<group>";
		};
		2C5B322326C405CE00217E09 /* Localized */ = {
			isa = PBXGroup;
			children = (
				2C25E81E26C55B1A000E73E5 /* InfoPlist.strings */,
			);
			name = Localized;
			sourceTree = "<group>";
		};
		2C5B322426C4062400217E09 /* Macintosh */ = {
			isa = PBXGroup;
			children = (
				F5679E12026A382401A80105 /* NetSprocketMachO.r */,
			);
			path = Macintosh;
			sourceTree = "<group>";
		};
		2C5B322626C406F700217E09 /* Common */ = {
			isa = PBXGroup;
			children = (
				F5ABE64102556F3701A80105 /* module_management.cpp */,
				2C85480626E52696005A70D9 /* module_management.h */,
				2C8547FB26E5240E005A70D9 /* op_definitions.h */,
				F5ABE64202556F3701A80105 /* op_endpoint.cpp */,
				2C8547FC26E52427005A70D9 /* op_globals.h */,
				F5ABE64302556F3701A80105 /* op_hi.cpp */,
				F5ABE64402556F3701A80105 /* op_module_mgmt.cpp */,
				F5ABE64502556F3701A80105 /* op_packet.cpp */,
				2C85480526E52684005A70D9 /* op_resources.h */,
				F5ABE64602556F3701A80105 /* openplay.cpp */,
			);
			path = Common;
			sourceTree = "<group>";
		};
		2C5B322726C407B300217E09 /* Posix */ = {
			isa = PBXGroup;
			children = (
				2C85480726E526C6005A70D9 /* op_dlfcn.h */,
				F5ABE64702556F3701A80105 /* op_dlopen.c */,
				F5ABE64802556F3701A80105 /* openplay_posix.cpp */,
			);
			path = Posix;
			sourceTree = "<group>";
		};
		2C5B322826C40A5400217E09 /* Posix */ = {
			isa = PBXGroup;
			children = (
				F5ABE66902556F5F01A80105 /* dll_utils_posix.cpp */,
				F5ABE66A02556F5F01A80105 /* find_files_posix.cpp */,
			);
			path = Posix;
			sourceTree = "<group>";
		};
		2CBC11BA26C3FDD100E6E0AC /* xcode */ = {
			isa = PBXGroup;
			children = (
				2C5B322326C405CE00217E09 /* Localized */,
				9758F24A0588DE88008F071A /* Info-OpenPlay_Framework.plist */,
				9758F2600588DE88008F071A /* Info-IP_Module.plist */,
				2CF0564426E456A400163478 /* Info-MiniNSpApp.plist */,
				9758F2D80588DE89008F071A /* Info-MiniPlay.plist */,
				9758F2CA0588DE89008F071A /* Info-NSpExample1.plist */,
				9758F2860588DE88008F071A /* Info-NSpTest.plist */,
				2CF0564526E456B200163478 /* Info-OPDownloadHTTP.plist */,
				9758F2A90588DE88008F071A /* Info-OPEnumTest.plist */,
				9758F2BA0588DE89008F071A /* Info-OPExample1.plist */,
			);
			path = xcode;
			sourceTree = "<group>";
		};
		2CC8FE0826C3FCDD0048E469 /* Interfaces */ = {
			isa = PBXGroup;
			children = (
				2C8780D526C57E9800E3CAC0 /* OpenPlay.h */,
			);
			name = Interfaces;
			path = ../../Interfaces;
			sourceTree = "<group>";
		};
		2CC8FE0926C3FCFD0048E469 /* Project_Files */ = {
			isa = PBXGroup;
			children = (
				2CBC11BA26C3FDD100E6E0AC /* xcode */,
			);
			name = Project_Files;
			path = ..;
			sourceTree = "<group>";
		};
/* End PBXGroup section */

/* Begin PBXHeadersBuildPhase section */
		2CF0564726E4582C00163478 /* Headers */ = {
			isa = PBXHeadersBuildPhase;
			buildActionMask = 2147483647;
			files = (
			);
			runOnlyForDeploymentPostprocessing = 0;
		};
		2CF0565726E4585F00163478 /* Headers */ = {
			isa = PBXHeadersBuildPhase;
			buildActionMask = 2147483647;
			files = (
			);
			runOnlyForDeploymentPostprocessing = 0;
		};
		9758F2230588DE88008F071A /* Headers */ = {
			isa = PBXHeadersBuildPhase;
			buildActionMask = 2147483647;
			files = (
			);
			runOnlyForDeploymentPostprocessing = 0;
		};
		9758F24D0588DE88008F071A /* Headers */ = {
			isa = PBXHeadersBuildPhase;
			buildActionMask = 2147483647;
			files = (
			);
			runOnlyForDeploymentPostprocessing = 0;
		};
		9758F27A0588DE88008F071A /* Headers */ = {
			isa = PBXHeadersBuildPhase;
			buildActionMask = 2147483647;
			files = (
			);
			runOnlyForDeploymentPostprocessing = 0;
		};
		9758F29E0588DE88008F071A /* Headers */ = {
			isa = PBXHeadersBuildPhase;
			buildActionMask = 2147483647;
			files = (
			);
			runOnlyForDeploymentPostprocessing = 0;
		};
		9758F2AD0588DE88008F071A /* Headers */ = {
			isa = PBXHeadersBuildPhase;
			buildActionMask = 2147483647;
			files = (
			);
			runOnlyForDeploymentPostprocessing = 0;
		};
		9758F2BE0588DE89008F071A /* Headers */ = {
			isa = PBXHeadersBuildPhase;
			buildActionMask = 2147483647;
			files = (
			);
			runOnlyForDeploymentPostprocessing = 0;
		};
		9758F2CE0588DE89008F071A /* Headers */ = {
			isa = PBXHeadersBuildPhase;
			buildActionMask = 2147483647;
			files = (
			);
			runOnlyForDeploymentPostprocessing = 0;
		};
/* End PBXHeadersBuildPhase section */

/* Begin PBXNativeTarget section */
		2CF0564626E4582C00163478 /* MiniNSpApp */ = {
			isa = PBXNativeTarget;
			buildConfigurationList = 2CF0565126E4582C00163478 /* Build configuration list for PBXNativeTarget "MiniNSpApp" */;
			buildPhases = (
				2CF0564726E4582C00163478 /* Headers */,
				2CF0564826E4582C00163478 /* Resources */,
				2CF0564926E4582C00163478 /* Sources */,
				2CF0564C26E4582C00163478 /* Frameworks */,
				2CF0564E26E4582C00163478 /* Rez */,
				2CF0564F26E4582C00163478 /* CopyFiles */,
			);
			buildRules = (
			);
			dependencies = (
			);
			name = MiniNSpApp;
			productInstallPath = "$(USER_APPS_DIR)";
			productName = OPExample1;
			productReference = 2CF0565426E4582C00163478 /* MiniNSpApp.app */;
			productType = "com.apple.product-type.application";
		};
		2CF0565626E4585F00163478 /* OPDownloadHTTP */ = {
			isa = PBXNativeTarget;
			buildConfigurationList = 2CF0566126E4585F00163478 /* Build configuration list for PBXNativeTarget "OPDownloadHTTP" */;
			buildPhases = (
				2CF0565726E4585F00163478 /* Headers */,
				2CF0565826E4585F00163478 /* Resources */,
				2CF0565926E4585F00163478 /* Sources */,
				2CF0565C26E4585F00163478 /* Frameworks */,
				2CF0565E26E4585F00163478 /* Rez */,
				2CF0565F26E4585F00163478 /* CopyFiles */,
			);
			buildRules = (
			);
			dependencies = (
			);
			name = OPDownloadHTTP;
			productInstallPath = "$(USER_APPS_DIR)";
			productName = OPExample1;
			productReference = 2CF0566426E4585F00163478 /* OPDownloadHTTP.app */;
			productType = "com.apple.product-type.application";
		};
		9758F2220588DE88008F071A /* OpenPlay Framework */ = {
			isa = PBXNativeTarget;
			buildConfigurationList = 2CF360A726AE179A00D26910 /* Build configuration list for PBXNativeTarget "OpenPlay Framework" */;
			buildPhases = (
				9758F2230588DE88008F071A /* Headers */,
				9758F2240588DE88008F071A /* Resources */,
				9758F2260588DE88008F071A /* Sources */,
				9758F2450588DE88008F071A /* Frameworks */,
				9758F2470588DE88008F071A /* Rez */,
				18EB655905D055B8006B1F7B /* CopyFiles */,
			);
			buildRules = (
			);
			dependencies = (
				188F165B05D2FF7A00A6EDA9 /* PBXTargetDependency */,
			);
			name = "OpenPlay Framework";
			productInstallPath = "@executable_path/../Frameworks";
			productName = OpenPlay;
			productReference = 9758F24B0588DE88008F071A /* OpenPlay.framework */;
			productType = "com.apple.product-type.framework";
		};
		9758F24C0588DE88008F071A /* IP Module */ = {
			isa = PBXNativeTarget;
			buildConfigurationList = 2CF360A626AE179A00D26910 /* Build configuration list for PBXNativeTarget "IP Module" */;
			buildPhases = (
				9758F24D0588DE88008F071A /* Headers */,
				9758F24E0588DE88008F071A /* Resources */,
				9758F24F0588DE88008F071A /* Sources */,
				9758F25B0588DE88008F071A /* Frameworks */,
				9758F25D0588DE88008F071A /* Rez */,
			);
			buildRules = (
			);
			dependencies = (
			);
			name = "IP Module";
			productName = "IP Module";
			productReference = 9758F2610588DE88008F071A /* tcpip.so.bundle */;
			productType = "com.apple.product-type.bundle";
		};
		9758F2790588DE88008F071A /* NSpTest */ = {
			isa = PBXNativeTarget;
			buildConfigurationList = 2CF360A926AE179A00D26910 /* Build configuration list for PBXNativeTarget "NSpTest" */;
			buildPhases = (
				9758F27A0588DE88008F071A /* Headers */,
				9758F27B0588DE88008F071A /* Resources */,
				9758F27C0588DE88008F071A /* Sources */,
				9758F27F0588DE88008F071A /* Frameworks */,
				9758F2820588DE88008F071A /* Rez */,
				9758F2830588DE88008F071A /* CopyFiles */,
			);
			buildRules = (
			);
			dependencies = (
			);
			name = NSpTest;
			productInstallPath = "$(USER_APPS_DIR)";
			productName = NetSprocketTest;
			productReference = 9758F2870588DE88008F071A /* NSpTest.app */;
			productType = "com.apple.product-type.application";
		};
		9758F29D0588DE88008F071A /* OPEnumTest */ = {
			isa = PBXNativeTarget;
			buildConfigurationList = 2CF360AA26AE179A00D26910 /* Build configuration list for PBXNativeTarget "OPEnumTest" */;
			buildPhases = (
				9758F29E0588DE88008F071A /* Headers */,
				9758F29F0588DE88008F071A /* Resources */,
				9758F2A00588DE88008F071A /* Sources */,
				9758F2A20588DE88008F071A /* Frameworks */,
				9758F2A50588DE88008F071A /* Rez */,
				9758F2A60588DE88008F071A /* CopyFiles */,
			);
			buildRules = (
			);
			dependencies = (
			);
			name = OPEnumTest;
			productInstallPath = "$(USER_APPS_DIR)";
			productName = OPEnumTest;
			productReference = 9758F2AA0588DE88008F071A /* OPEnumTest.app */;
			productType = "com.apple.product-type.application";
		};
		9758F2AC0588DE88008F071A /* OPExample1 */ = {
			isa = PBXNativeTarget;
			buildConfigurationList = 2CF360AC26AE179A00D26910 /* Build configuration list for PBXNativeTarget "OPExample1" */;
			buildPhases = (
				9758F2AD0588DE88008F071A /* Headers */,
				9758F2AE0588DE88008F071A /* Resources */,
				9758F2B00588DE88008F071A /* Sources */,
				9758F2B30588DE88008F071A /* Frameworks */,
				9758F2B60588DE88008F071A /* Rez */,
				9758F2B70588DE88008F071A /* CopyFiles */,
			);
			buildRules = (
			);
			dependencies = (
			);
			name = OPExample1;
			productInstallPath = "$(USER_APPS_DIR)";
			productName = OPExample1;
			productReference = 9758F2BB0588DE89008F071A /* OPExample1.app */;
			productType = "com.apple.product-type.application";
		};
		9758F2BD0588DE89008F071A /* NSpExample1 */ = {
			isa = PBXNativeTarget;
			buildConfigurationList = 2CF360AD26AE179A00D26910 /* Build configuration list for PBXNativeTarget "NSpExample1" */;
			buildPhases = (
				9758F2BE0588DE89008F071A /* Headers */,
				9758F2BF0588DE89008F071A /* Resources */,
				9758F2C00588DE89008F071A /* Sources */,
				9758F2C30588DE89008F071A /* Frameworks */,
				9758F2C60588DE89008F071A /* Rez */,
				9758F2C70588DE89008F071A /* CopyFiles */,
			);
			buildRules = (
			);
			dependencies = (
			);
			name = NSpExample1;
			productInstallPath = "$(USER_APPS_DIR)";
			productName = NSpExample1;
			productReference = 9758F2CB0588DE89008F071A /* NSpExample1.app */;
			productType = "com.apple.product-type.application";
		};
		9758F2CD0588DE89008F071A /* MiniPlay */ = {
			isa = PBXNativeTarget;
			buildConfigurationList = 2CF360AE26AE179A00D26910 /* Build configuration list for PBXNativeTarget "MiniPlay" */;
			buildPhases = (
				9758F2CE0588DE89008F071A /* Headers */,
				9758F2CF0588DE89008F071A /* Resources */,
				9758F2D00588DE89008F071A /* Sources */,
				9758F2D20588DE89008F071A /* Frameworks */,
				9758F2D40588DE89008F071A /* Rez */,
				9758F2D50588DE89008F071A /* CopyFiles */,
			);
			buildRules = (
			);
			dependencies = (
			);
			name = MiniPlay;
			productName = OpenPlayMiniDemo;
			productReference = 9758F2D90588DE89008F071A /* MiniPlay.app */;
			productType = "com.apple.product-type.application";
		};
/* End PBXNativeTarget section */

/* Begin PBXProject section */
		0867D690FE84028FC02AAC07 /* Project object */ = {
			isa = PBXProject;
			buildConfigurationList = 2CF360A526AE179900D26910 /* Build configuration list for PBXProject "OpenPlay64" */;
			compatibilityVersion = "Xcode 3.1";
			developmentRegion = en;
			hasScannedForEncodings = 1;
			knownRegions = (
				English,
			);
			mainGroup = 0867D691FE84028FC02AAC07 /* OpenPlay */;
			productRefGroup = 034768DDFF38A45A11DB9C8B /* Products,Libs,Frameworks */;
			projectDirPath = "";
			projectRoot = "";
			targets = (
				9758F2DB0588DE89008F071A /* Build All */,
				9758F2220588DE88008F071A /* OpenPlay Framework */,
				9758F24C0588DE88008F071A /* IP Module */,
				2CF0564626E4582C00163478 /* MiniNSpApp */,
				9758F2CD0588DE89008F071A /* MiniPlay */,
				9758F2BD0588DE89008F071A /* NSpExample1 */,
				9758F2790588DE88008F071A /* NSpTest */,
				2CF0565626E4585F00163478 /* OPDownloadHTTP */,
				9758F29D0588DE88008F071A /* OPEnumTest */,
				9758F2AC0588DE88008F071A /* OPExample1 */,
			);
		};
/* End PBXProject section */

/* Begin PBXResourcesBuildPhase section */
		2CF0564826E4582C00163478 /* Resources */ = {
			isa = PBXResourcesBuildPhase;
			buildActionMask = 2147483647;
			files = (
			);
			runOnlyForDeploymentPostprocessing = 0;
		};
		2CF0565826E4585F00163478 /* Resources */ = {
			isa = PBXResourcesBuildPhase;
			buildActionMask = 2147483647;
			files = (
			);
			runOnlyForDeploymentPostprocessing = 0;
		};
		9758F2240588DE88008F071A /* Resources */ = {
			isa = PBXResourcesBuildPhase;
			buildActionMask = 2147483647;
			files = (
				2C25E82026C55B1A000E73E5 /* InfoPlist.strings in Resources */,
			);
			runOnlyForDeploymentPostprocessing = 0;
		};
		9758F24E0588DE88008F071A /* Resources */ = {
			isa = PBXResourcesBuildPhase;
			buildActionMask = 2147483647;
			files = (
			);
			runOnlyForDeploymentPostprocessing = 0;
		};
		9758F27B0588DE88008F071A /* Resources */ = {
			isa = PBXResourcesBuildPhase;
			buildActionMask = 2147483647;
			files = (
			);
			runOnlyForDeploymentPostprocessing = 0;
		};
		9758F29F0588DE88008F071A /* Resources */ = {
			isa = PBXResourcesBuildPhase;
			buildActionMask = 2147483647;
			files = (
			);
			runOnlyForDeploymentPostprocessing = 0;
		};
		9758F2AE0588DE88008F071A /* Resources */ = {
			isa = PBXResourcesBuildPhase;
			buildActionMask = 2147483647;
			files = (
			);
			runOnlyForDeploymentPostprocessing = 0;
		};
		9758F2BF0588DE89008F071A /* Resources */ = {
			isa = PBXResourcesBuildPhase;
			buildActionMask = 2147483647;
			files = (
			);
			runOnlyForDeploymentPostprocessing = 0;
		};
		9758F2CF0588DE89008F071A /* Resources */ = {
			isa = PBXResourcesBuildPhase;
			buildActionMask = 2147483647;
			files = (
			);
			runOnlyForDeploymentPostprocessing = 0;
		};
/* End PBXResourcesBuildPhase section */

/* Begin PBXRezBuildPhase section */
		2CF0564E26E4582C00163478 /* Rez */ = {
			isa = PBXRezBuildPhase;
			buildActionMask = 2147483647;
			files = (
			);
			runOnlyForDeploymentPostprocessing = 0;
		};
		2CF0565E26E4585F00163478 /* Rez */ = {
			isa = PBXRezBuildPhase;
			buildActionMask = 2147483647;
			files = (
			);
			runOnlyForDeploymentPostprocessing = 0;
		};
		9758F2470588DE88008F071A /* Rez */ = {
			isa = PBXRezBuildPhase;
			buildActionMask = 2147483647;
			files = (
				9758F2480588DE88008F071A /* NetSprocketMachO.r in Rez */,
			);
			runOnlyForDeploymentPostprocessing = 0;
		};
		9758F25D0588DE88008F071A /* Rez */ = {
			isa = PBXRezBuildPhase;
			buildActionMask = 2147483647;
			files = (
				9758F25E0588DE88008F071A /* tcp_module_mac.r in Rez */,
			);
			runOnlyForDeploymentPostprocessing = 0;
		};
		9758F2820588DE88008F071A /* Rez */ = {
			isa = PBXRezBuildPhase;
			buildActionMask = 2147483647;
			files = (
			);
			runOnlyForDeploymentPostprocessing = 0;
		};
		9758F2A50588DE88008F071A /* Rez */ = {
			isa = PBXRezBuildPhase;
			buildActionMask = 2147483647;
			files = (
			);
			runOnlyForDeploymentPostprocessing = 0;
		};
		9758F2B60588DE88008F071A /* Rez */ = {
			isa = PBXRezBuildPhase;
			buildActionMask = 2147483647;
			files = (
			);
			runOnlyForDeploymentPostprocessing = 0;
		};
		9758F2C60588DE89008F071A /* Rez */ = {
			isa = PBXRezBuildPhase;
			buildActionMask = 2147483647;
			files = (
			);
			runOnlyForDeploymentPostprocessing = 0;
		};
		9758F2D40588DE89008F071A /* Rez */ = {
			isa = PBXRezBuildPhase;
			buildActionMask = 2147483647;
			files = (
			);
			runOnlyForDeploymentPostprocessing = 0;
		};
/* End PBXRezBuildPhase section */

/* Begin PBXSourcesBuildPhase section */
		2CF0564926E4582C00163478 /* Sources */ = {
			isa = PBXSourcesBuildPhase;
			buildActionMask = 2147483647;
			files = (
				2CF0566B26E460F600163478 /* Mini_NSp_App.cpp in Sources */,
				2C8547F026E46DC1005A70D9 /* OPUtils.cpp in Sources */,
				2C8547F126E46DC1005A70D9 /* String_Utils.cpp in Sources */,
			);
			runOnlyForDeploymentPostprocessing = 0;
		};
		2CF0565926E4585F00163478 /* Sources */ = {
			isa = PBXSourcesBuildPhase;
			buildActionMask = 2147483647;
			files = (
				2CF0566F26E4614A00163478 /* OPDownloadHTTP.cpp in Sources */,
				2CF0566E26E4614A00163478 /* OPGetURL.cpp in Sources */,
				2CF0567026E4616100163478 /* String_Utils.cpp in Sources */,
			);
			runOnlyForDeploymentPostprocessing = 0;
		};
		9758F2260588DE88008F071A /* Sources */ = {
			isa = PBXSourcesBuildPhase;
			buildActionMask = 2147483647;
			files = (
				9758F22F0588DE88008F071A /* CATEndpoint_OP.cpp in Sources */,
				9758F2300588DE88008F071A /* CEndpoint_OP.cpp in Sources */,
				9758F2310588DE88008F071A /* CIPEndpoint_OP.cpp in Sources */,
				9758F2320588DE88008F071A /* EntryPoint.cpp in Sources */,
				9758F2330588DE88008F071A /* NetSprocketLib.cpp in Sources */,
				9758F2340588DE88008F071A /* NSp_InterruptSafeList.cpp in Sources */,
				9758F2350588DE88008F071A /* NSpGame.cpp in Sources */,
				9758F2360588DE88008F071A /* NSpGameMaster.cpp in Sources */,
				9758F2370588DE88008F071A /* NSpGamePrivate.cpp in Sources */,
				9758F2380588DE88008F071A /* NSpGameSlave.cpp in Sources */,
				9758F2390588DE88008F071A /* NSpLists_OP.cpp in Sources */,
				9758F23A0588DE88008F071A /* NSpProtocolRef.cpp in Sources */,
				9758F2270588DE88008F071A /* module_management.cpp in Sources */,
				9758F2280588DE88008F071A /* op_endpoint.cpp in Sources */,
				9758F2290588DE88008F071A /* op_hi.cpp in Sources */,
				9758F22A0588DE88008F071A /* op_module_mgmt.cpp in Sources */,
				9758F22B0588DE88008F071A /* op_packet.cpp in Sources */,
				9758F22C0588DE88008F071A /* openplay.cpp in Sources */,
				9758F22D0588DE88008F071A /* op_dlopen.c in Sources */,
				9758F22E0588DE88008F071A /* openplay_posix.cpp in Sources */,
				9758F23B0588DE88008F071A /* dll_utils_posix.cpp in Sources */,
				9758F23C0588DE88008F071A /* find_files_posix.cpp in Sources */,
				9758F23D0588DE88008F071A /* ByteSwapping.cpp in Sources */,
				9758F23E0588DE88008F071A /* DebugPrint.cpp in Sources */,
				9758F23F0588DE88008F071A /* ERObject.cpp in Sources */,
				9758F2400588DE88008F071A /* machine_lock.cpp in Sources */,
				9758F2410588DE88008F071A /* OPUtils.cpp in Sources */,
				9758F2420588DE88008F071A /* String_Utils.cpp in Sources */,
				9758F2430588DE88008F071A /* TPointerArray.cpp in Sources */,
			);
			runOnlyForDeploymentPostprocessing = 0;
		};
		9758F24F0588DE88008F071A /* Sources */ = {
			isa = PBXSourcesBuildPhase;
			buildActionMask = 2147483647;
			files = (
				9758F2570588DE88008F071A /* configuration.c in Sources */,
				9758F2580588DE88008F071A /* ip_enumeration.c in Sources */,
				9758F2500588DE88008F071A /* tcp_module_communication.cpp in Sources */,
				9758F2510588DE88008F071A /* tcp_module_config.cpp in Sources */,
				9758F2520588DE88008F071A /* tcp_module_enumeration.cpp in Sources */,
				9758F2530588DE88008F071A /* tcp_module_main.cpp in Sources */,
				9758F2550588DE88008F071A /* DebugPrint.cpp in Sources */,
				9758F2560588DE88008F071A /* machine_lock.cpp in Sources */,
				9758F2540588DE88008F071A /* OPUtils.cpp in Sources */,
				9758F2590588DE88008F071A /* String_Utils.cpp in Sources */,
			);
			runOnlyForDeploymentPostprocessing = 0;
		};
		9758F27C0588DE88008F071A /* Sources */ = {
			isa = PBXSourcesBuildPhase;
			buildActionMask = 2147483647;
			files = (
				9758F27D0588DE88008F071A /* NSpTestApp.cpp in Sources */,
				2C5B322226C4054600217E09 /* DebugPrint.cpp in Sources */,
				2C5B321D26C4054600217E09 /* machine_lock.cpp in Sources */,
				9758F27E0588DE88008F071A /* OPUtils.cpp in Sources */,
				2C5B321F26C4054600217E09 /* String_Utils.cpp in Sources */,
			);
			runOnlyForDeploymentPostprocessing = 0;
		};
		9758F2A00588DE88008F071A /* Sources */ = {
			isa = PBXSourcesBuildPhase;
			buildActionMask = 2147483647;
			files = (
				9758F2A10588DE88008F071A /* OPEnumTest.cpp in Sources */,
			);
			runOnlyForDeploymentPostprocessing = 0;
		};
		9758F2B00588DE88008F071A /* Sources */ = {
			isa = PBXSourcesBuildPhase;
			buildActionMask = 2147483647;
			files = (
				9758F2B10588DE88008F071A /* main.c in Sources */,
				9758F2B20588DE88008F071A /* op_network.cpp in Sources */,
			);
			runOnlyForDeploymentPostprocessing = 0;
		};
		9758F2C00588DE89008F071A /* Sources */ = {
			isa = PBXSourcesBuildPhase;
			buildActionMask = 2147483647;
			files = (
				9758F2C10588DE89008F071A /* main.c in Sources */,
				9758F2C20588DE89008F071A /* nsp_network.c in Sources */,
			);
			runOnlyForDeploymentPostprocessing = 0;
		};
		9758F2D00588DE89008F071A /* Sources */ = {
			isa = PBXSourcesBuildPhase;
			buildActionMask = 2147483647;
			files = (
				9758F2D10588DE89008F071A /* miniplay.c in Sources */,
				2C8780E226D8535E00E3CAC0 /* OPUtils.cpp in Sources */,
			);
			runOnlyForDeploymentPostprocessing = 0;
		};
/* End PBXSourcesBuildPhase section */

/* Begin PBXTargetDependency section */
		188F165B05D2FF7A00A6EDA9 /* PBXTargetDependency */ = {
			isa = PBXTargetDependency;
			target = 9758F24C0588DE88008F071A /* IP Module */;
			targetProxy = 188F165A05D2FF7A00A6EDA9 /* PBXContainerItemProxy */;
		};
		2CF0566726E458C300163478 /* PBXTargetDependency */ = {
			isa = PBXTargetDependency;
			target = 2CF0564626E4582C00163478 /* MiniNSpApp */;
			targetProxy = 2CF0566626E458C300163478 /* PBXContainerItemProxy */;
		};
		2CF0566926E458C300163478 /* PBXTargetDependency */ = {
			isa = PBXTargetDependency;
			target = 2CF0565626E4585F00163478 /* OPDownloadHTTP */;
			targetProxy = 2CF0566826E458C300163478 /* PBXContainerItemProxy */;
		};
		9758F2E60588DE89008F071A /* PBXTargetDependency */ = {
			isa = PBXTargetDependency;
			target = 9758F2220588DE88008F071A /* OpenPlay Framework */;
			targetProxy = 9758F2E50588DE89008F071A /* PBXContainerItemProxy */;
		};
		9758F2EC0588DE89008F071A /* PBXTargetDependency */ = {
			isa = PBXTargetDependency;
			target = 9758F2790588DE88008F071A /* NSpTest */;
			targetProxy = 9758F2EB0588DE89008F071A /* PBXContainerItemProxy */;
		};
		9758F2EE0588DE89008F071A /* PBXTargetDependency */ = {
			isa = PBXTargetDependency;
			target = 9758F29D0588DE88008F071A /* OPEnumTest */;
			targetProxy = 9758F2ED0588DE89008F071A /* PBXContainerItemProxy */;
		};
		9758F2F20588DE89008F071A /* PBXTargetDependency */ = {
			isa = PBXTargetDependency;
			target = 9758F2AC0588DE88008F071A /* OPExample1 */;
			targetProxy = 9758F2F10588DE89008F071A /* PBXContainerItemProxy */;
		};
		9758F2F40588DE89008F071A /* PBXTargetDependency */ = {
			isa = PBXTargetDependency;
			target = 9758F2BD0588DE89008F071A /* NSpExample1 */;
			targetProxy = 9758F2F30588DE89008F071A /* PBXContainerItemProxy */;
		};
		9758F2F60588DE89008F071A /* PBXTargetDependency */ = {
			isa = PBXTargetDependency;
			target = 9758F2CD0588DE89008F071A /* MiniPlay */;
			targetProxy = 9758F2F50588DE89008F071A /* PBXContainerItemProxy */;
		};
/* End PBXTargetDependency section */

/* Begin PBXVariantGroup section */
		2C25E81E26C55B1A000E73E5 /* InfoPlist.strings */ = {
			isa = PBXVariantGroup;
			children = (
				2C25E81F26C55B1A000E73E5 /* English */,
			);
			name = InfoPlist.strings;
			sourceTree = "<group>";
		};
/* End PBXVariantGroup section */

/* Begin XCBuildConfiguration section */
		2CF0565226E4582C00163478 /* Debug */ = {
			isa = XCBuildConfiguration;
			buildSettings = {
				INFOPLIST_FILE = "Info-MiniNSpApp.plist";
				PRODUCT_NAME = "$(TARGET_NAME)";
				WRAPPER_EXTENSION = app;
			};
			name = Debug;
		};
		2CF0565326E4582C00163478 /* Release */ = {
			isa = XCBuildConfiguration;
			buildSettings = {
				INFOPLIST_FILE = "Info-MiniNSpApp.plist";
				PRODUCT_NAME = "$(TARGET_NAME)";
				WRAPPER_EXTENSION = app;
			};
			name = Release;
		};
		2CF0566226E4585F00163478 /* Debug */ = {
			isa = XCBuildConfiguration;
			buildSettings = {
				INFOPLIST_FILE = "Info-OPDownloadHTTP.plist";
				PRODUCT_NAME = "$(TARGET_NAME)";
				WRAPPER_EXTENSION = app;
			};
			name = Debug;
		};
		2CF0566326E4585F00163478 /* Release */ = {
			isa = XCBuildConfiguration;
			buildSettings = {
				INFOPLIST_FILE = "Info-OPDownloadHTTP.plist";
				PRODUCT_NAME = "$(TARGET_NAME)";
				WRAPPER_EXTENSION = app;
			};
			name = Release;
		};
		2CF3608426AE179700D26910 /* Debug */ = {
			isa = XCBuildConfiguration;
			buildSettings = {
				ALWAYS_SEARCH_USER_PATHS = NO;
				COPY_PHASE_STRIP = NO;
				DEBUG_INFORMATION_FORMAT = dwarf;
				GCC_DYNAMIC_NO_PIC = NO;
				GCC_OPTIMIZATION_LEVEL = 0;
				GCC_PREPROCESSOR_DEFINITIONS = (
					"DEBUG=1",
					"DEBUGCALLCHAIN=0",
					"project_builder=1",
				);
				MACOSX_DEPLOYMENT_TARGET = 10.9;
				PRODUCT_BUNDLE_IDENTIFIER = "com.apple.$(PRODUCT_NAME:rfc1034identifier)";
				WARNING_CFLAGS = (
					"-Wno-four-char-constants",
					"-Wno-unknown-pragmas",
				);
			};
			name = Debug;
		};
		2CF3608526AE179700D26910 /* Release */ = {
			isa = XCBuildConfiguration;
			buildSettings = {
				ALWAYS_SEARCH_USER_PATHS = NO;
				COPY_PHASE_STRIP = NO;
				DEBUG_INFORMATION_FORMAT = "dwarf-with-dsym";
				GCC_DYNAMIC_NO_PIC = NO;
				GCC_OPTIMIZATION_LEVEL = s;
				GCC_PREPROCESSOR_DEFINITIONS = "project_builder=1";
				MACOSX_DEPLOYMENT_TARGET = 10.9;
				PRODUCT_BUNDLE_IDENTIFIER = "com.apple.$(PRODUCT_NAME:rfc1034identifier)";
				WARNING_CFLAGS = (
					"-Wno-four-char-constants",
					"-Wno-unknown-pragmas",
				);
			};
			name = Release;
		};
		2CF3608726AE179700D26910 /* Debug */ = {
			isa = XCBuildConfiguration;
			buildSettings = {
				PRODUCT_NAME = "$(TARGET_NAME)";
			};
			name = Debug;
		};
		2CF3608826AE179700D26910 /* Release */ = {
			isa = XCBuildConfiguration;
			buildSettings = {
				PRODUCT_NAME = "$(TARGET_NAME)";
			};
			name = Release;
		};
		2CF3608A26AE179700D26910 /* Debug */ = {
			isa = XCBuildConfiguration;
			buildSettings = {
				EXPORTED_SYMBOLS_FILE = ../../Source/OPNetModules/posix/NetModuleDarwin64.exp;
				INFOPLIST_FILE = "Info-IP_Module.plist";
				PRODUCT_NAME = tcpip.so;
				WRAPPER_EXTENSION = bundle;
			};
			name = Debug;
		};
		2CF3608B26AE179700D26910 /* Release */ = {
			isa = XCBuildConfiguration;
			buildSettings = {
				EXPORTED_SYMBOLS_FILE = ../../Source/OPNetModules/posix/NetModuleDarwin64.exp;
				INFOPLIST_FILE = "Info-IP_Module.plist";
				PRODUCT_NAME = tcpip.so;
				WRAPPER_EXTENSION = bundle;
			};
			name = Release;
		};
		2CF3608D26AE179700D26910 /* Debug */ = {
			isa = XCBuildConfiguration;
			buildSettings = {
				DYLIB_COMPATIBILITY_VERSION = 1;
				DYLIB_CURRENT_VERSION = 1;
				EXPORTED_SYMBOLS_FILE = ../../Source/OpenPlayLib/posix/openplay_darwin64.exp;
				FRAMEWORK_VERSION = A;
				INFOPLIST_FILE = "Info-OpenPlay_Framework.plist";
				INSTALL_PATH = "@executable_path/../Frameworks";
				PRODUCT_NAME = OpenPlay;
				SKIP_INSTALL = YES;
				WRAPPER_EXTENSION = framework;
			};
			name = Debug;
		};
		2CF3608E26AE179700D26910 /* Release */ = {
			isa = XCBuildConfiguration;
			buildSettings = {
				DYLIB_COMPATIBILITY_VERSION = 1;
				DYLIB_CURRENT_VERSION = 1;
				EXPORTED_SYMBOLS_FILE = ../../Source/OpenPlayLib/posix/openplay_darwin64.exp;
				FRAMEWORK_VERSION = A;
				INFOPLIST_FILE = "Info-OpenPlay_Framework.plist";
				INSTALL_PATH = "@executable_path/../Frameworks";
				PRODUCT_NAME = OpenPlay;
				SKIP_INSTALL = YES;
				WRAPPER_EXTENSION = framework;
			};
			name = Release;
		};
		2CF3609326AE179700D26910 /* Debug */ = {
			isa = XCBuildConfiguration;
			buildSettings = {
				INFOPLIST_FILE = "Info-NSpTest.plist";
				PRODUCT_NAME = "$(TARGET_NAME)";
				WRAPPER_EXTENSION = app;
			};
			name = Debug;
		};
		2CF3609426AE179700D26910 /* Release */ = {
			isa = XCBuildConfiguration;
			buildSettings = {
				INFOPLIST_FILE = "Info-NSpTest.plist";
				PRODUCT_NAME = "$(TARGET_NAME)";
				WRAPPER_EXTENSION = app;
			};
			name = Release;
		};
		2CF3609926AE179700D26910 /* Debug */ = {
			isa = XCBuildConfiguration;
			buildSettings = {
				INFOPLIST_FILE = "Info-OPEnumTest.plist";
				PRODUCT_NAME = "$(TARGET_NAME)";
				WRAPPER_EXTENSION = app;
			};
			name = Debug;
		};
		2CF3609A26AE179700D26910 /* Release */ = {
			isa = XCBuildConfiguration;
			buildSettings = {
				INFOPLIST_FILE = "Info-OPEnumTest.plist";
				PRODUCT_NAME = "$(TARGET_NAME)";
				WRAPPER_EXTENSION = app;
			};
			name = Release;
		};
		2CF3609C26AE179700D26910 /* Debug */ = {
			isa = XCBuildConfiguration;
			buildSettings = {
				INFOPLIST_FILE = "Info-OPExample1.plist";
				PRODUCT_NAME = "$(TARGET_NAME)";
				WRAPPER_EXTENSION = app;
			};
			name = Debug;
		};
		2CF3609D26AE179700D26910 /* Release */ = {
			isa = XCBuildConfiguration;
			buildSettings = {
				INFOPLIST_FILE = "Info-OPExample1.plist";
				PRODUCT_NAME = "$(TARGET_NAME)";
				WRAPPER_EXTENSION = app;
			};
			name = Release;
		};
		2CF3609F26AE179700D26910 /* Debug */ = {
			isa = XCBuildConfiguration;
			buildSettings = {
				INFOPLIST_FILE = "Info-NSpExample1.plist";
				PRODUCT_NAME = "$(TARGET_NAME)";
				WRAPPER_EXTENSION = app;
			};
			name = Debug;
		};
		2CF360A026AE179700D26910 /* Release */ = {
			isa = XCBuildConfiguration;
			buildSettings = {
				INFOPLIST_FILE = "Info-NSpExample1.plist";
				PRODUCT_NAME = "$(TARGET_NAME)";
				WRAPPER_EXTENSION = app;
			};
			name = Release;
		};
		2CF360A226AE179700D26910 /* Debug */ = {
			isa = XCBuildConfiguration;
			buildSettings = {
				INFOPLIST_FILE = "Info-MiniPlay.plist";
				PRODUCT_NAME = "$(TARGET_NAME)";
				WRAPPER_EXTENSION = app;
			};
			name = Debug;
		};
		2CF360A326AE179700D26910 /* Release */ = {
			isa = XCBuildConfiguration;
			buildSettings = {
				INFOPLIST_FILE = "Info-MiniPlay.plist";
				PRODUCT_NAME = "$(TARGET_NAME)";
				WRAPPER_EXTENSION = app;
			};
			name = Release;
		};
/* End XCBuildConfiguration section */

/* Begin XCConfigurationList section */
		2CF0565126E4582C00163478 /* Build configuration list for PBXNativeTarget "MiniNSpApp" */ = {
			isa = XCConfigurationList;
			buildConfigurations = (
				2CF0565226E4582C00163478 /* Debug */,
				2CF0565326E4582C00163478 /* Release */,
			);
			defaultConfigurationIsVisible = 0;
			defaultConfigurationName = Release;
		};
		2CF0566126E4585F00163478 /* Build configuration list for PBXNativeTarget "OPDownloadHTTP" */ = {
			isa = XCConfigurationList;
			buildConfigurations = (
				2CF0566226E4585F00163478 /* Debug */,
				2CF0566326E4585F00163478 /* Release */,
			);
			defaultConfigurationIsVisible = 0;
			defaultConfigurationName = Release;
		};
		2CF360A526AE179900D26910 /* Build configuration list for PBXProject "OpenPlay64" */ = {
			isa = XCConfigurationList;
			buildConfigurations = (
				2CF3608426AE179700D26910 /* Debug */,
				2CF3608526AE179700D26910 /* Release */,
			);
			defaultConfigurationIsVisible = 0;
			defaultConfigurationName = Release;
		};
		2CF360A626AE179A00D26910 /* Build configuration list for PBXNativeTarget "IP Module" */ = {
			isa = XCConfigurationList;
			buildConfigurations = (
				2CF3608A26AE179700D26910 /* Debug */,
				2CF3608B26AE179700D26910 /* Release */,
			);
			defaultConfigurationIsVisible = 0;
			defaultConfigurationName = Release;
		};
		2CF360A726AE179A00D26910 /* Build configuration list for PBXNativeTarget "OpenPlay Framework" */ = {
			isa = XCConfigurationList;
			buildConfigurations = (
				2CF3608D26AE179700D26910 /* Debug */,
				2CF3608E26AE179700D26910 /* Release */,
			);
			defaultConfigurationIsVisible = 0;
			defaultConfigurationName = Release;
		};
		2CF360A926AE179A00D26910 /* Build configuration list for PBXNativeTarget "NSpTest" */ = {
			isa = XCConfigurationList;
			buildConfigurations = (
				2CF3609326AE179700D26910 /* Debug */,
				2CF3609426AE179700D26910 /* Release */,
			);
			defaultConfigurationIsVisible = 0;
			defaultConfigurationName = Release;
		};
		2CF360AA26AE179A00D26910 /* Build configuration list for PBXNativeTarget "OPEnumTest" */ = {
			isa = XCConfigurationList;
			buildConfigurations = (
				2CF3609926AE179700D26910 /* Debug */,
				2CF3609A26AE179700D26910 /* Release */,
			);
			defaultConfigurationIsVisible = 0;
			defaultConfigurationName = Release;
		};
		2CF360AC26AE179A00D26910 /* Build configuration list for PBXNativeTarget "OPExample1" */ = {
			isa = XCConfigurationList;
			buildConfigurations = (
				2CF3609C26AE179700D26910 /* Debug */,
				2CF3609D26AE179700D26910 /* Release */,
			);
			defaultConfigurationIsVisible = 0;
			defaultConfigurationName = Release;
		};
		2CF360AD26AE179A00D26910 /* Build configuration list for PBXNativeTarget "NSpExample1" */ = {
			isa = XCConfigurationList;
			buildConfigurations = (
				2CF3609F26AE179700D26910 /* Debug */,
				2CF360A026AE179700D26910 /* Release */,
			);
			defaultConfigurationIsVisible = 0;
			defaultConfigurationName = Release;
		};
		2CF360AE26AE179A00D26910 /* Build configuration list for PBXNativeTarget "MiniPlay" */ = {
			isa = XCConfigurationList;
			buildConfigurations = (
				2CF360A226AE179700D26910 /* Debug */,
				2CF360A326AE179700D26910 /* Release */,
			);
			defaultConfigurationIsVisible = 0;
			defaultConfigurationName = Release;
		};
		2CF360AF26AE179A00D26910 /* Build configuration list for PBXAggregateTarget "Build All" */ = {
			isa = XCConfigurationList;
			buildConfigurations = (
				2CF3608726AE179700D26910 /* Debug */,
				2CF3608826AE179700D26910 /* Release */,
			);
			defaultConfigurationIsVisible = 0;
			defaultConfigurationName = Release;
		};
/* End XCConfigurationList section */
	};
	rootObject = 0867D690FE84028FC02AAC07 /* Project object */;
}
